
Microsoft Visual Studio Solution File, Format Version 12.00
# Visual Studio 2012
Project("{FAE04EC0-301F-11D3-BF4B-00C04F79EFBC}") = "AcademyCourses", "AcademyCourses\AcademyCourses.csproj", "{241D85F5-E277-42B4-A8F0-BC7F3DC89FBB}"
EndProject
Global
	GlobalSection(SolutionConfigurationPlatforms) = preSolution
		Debug|Any CPU = Debug|Any CPU
		Release|Any CPU = Release|Any CPU
	EndGlobalSection
	GlobalSection(ProjectConfigurationPlatforms) = postSolution
		{241D85F5-E277-42B4-A8F0-BC7F3DC89FBB}.Debug|Any CPU.ActiveCfg = Debug|Any CPU
		{241D85F5-E277-42B4-A8F0-BC7F3DC89FBB}.Debug|Any CPU.Build.0 = Debug|Any CPU
		{241D85F5-E277-42B4-A8F0-BC7F3DC89FBB}.Release|Any CPU.ActiveCfg = Release|Any CPU
		{241D85F5-E277-42B4-A8F0-BC7F3DC89FBB}.Release|Any CPU.Build.0 = Release|Any CPU
	EndGlobalSection
	GlobalSection(SolutionProperties) = preSolution
		HideSolutionNode = FALSE
	EndGlobalSection
EndGlobal
